{
  "name": "@doop/eval",
  "version": "1.0.0",
  "lockfileVersion": 2,
  "requires": true,
  "packages": {
    "": {
      "name": "@doop/eval",
      "version": "1.0.0",
      "license": "MIT",
      "workspaces": [
        "../*"
      ]
    },
    "node_modules/@doop/eval": {
      "resolved": "",
      "link": true
    }
  },
  "dependencies": {
    "@doop/eval": {
      "version": "file:",
      "requires": {
        "@doop/eval": "file:"
      }
    }
  }
}
